<?xml version="1.0" encoding="utf-8"?>
<Project ToolsVersion="4.0" xmlns="http://schemas.microsoft.com/developer/msbuild/2003">
  <ItemGroup>
    <Filter Include="Source Files">
      <UniqueIdentifier>{4FC737F1-C7A5-4376-A066-2A32D752A2FF}</UniqueIdentifier>
      <Extensions>cpp;c;cc;cxx;def;odl;idl;hpj;bat;asm;asmx</Extensions>
    </Filter>
    <Filter Include="Header Files">
      <UniqueIdentifier>{93995380-89BD-4b04-88EB-625FBE52EBFB}</UniqueIdentifier>
      <Extensions>h;hh;hpp;hxx;hm;inl;inc;ipp;xsd</Extensions>
    </Filter>
    <Filter Include="Resource Files">
      <UniqueIdentifier>{67DA6AB6-F800-4c08-8B7A-83BB121AAD01}</UniqueIdentifier>
      <Extensions>rc;ico;cur;bmp;dlg;rc2;rct;bin;rgs;gif;jpg;jpeg;jpe;resx;tiff;tif;png;wav;mfcribbon-ms</Extensions>
    </Filter>
  </ItemGroup>
  <ItemGroup>
    <ClCompile Include="src\engine\editor\camera\Camera.cpp">
      <Filter>Source Files</Filter>
    </ClCompile>
    <ClCompile Include="src\engine\editor\model\EditMatrix.cpp">
      <Filter>Source Files</Filter>
    </ClCompile>
    <ClCompile Include="src\engine\editor\model\tool\matrix\MatrixTool.cpp">
      <Filter>Source Files</Filter>
    </ClCompile>
    <ClCompile Include="src\engine\editor\model\tool\MTool.cpp">
      <Filter>Source Files</Filter>
    </ClCompile>
    <ClCompile Include="src\Application.cpp">
      <Filter>Source Files</Filter>
    </ClCompile>
    <ClCompile Include="src\engine\editor\Editor.cpp">
      <Filter>Source Files</Filter>
    </ClCompile>
    <ClCompile Include="src\engine\editor\menu\EditorOverlay.cpp">
      <Filter>Source Files</Filter>
    </ClCompile>
    <ClCompile Include="src\engine\editor\model\Matrix.cpp">
      <Filter>Source Files</Filter>
    </ClCompile>
    <ClCompile Include="src\engine\editor\model\Model.cpp">
      <Filter>Source Files</Filter>
    </ClCompile>
    <ClCompile Include="src\engine\editor\model\tool\Tool.cpp">
      <Filter>Source Files</Filter>
    </ClCompile>
    <ClCompile Include="src\engine\editor\model\tool\voxel\VoxelTool.cpp">
      <Filter>Source Files</Filter>
    </ClCompile>
    <ClCompile Include="src\engine\editor\TEMode.cpp">
      <Filter>Source Files</Filter>
    </ClCompile>
    <ClCompile Include="src\engine\gfx\font\Font.cpp">
      <Filter>Source Files</Filter>
    </ClCompile>
    <ClCompile Include="src\engine\gfx\gui\global\GGui.cpp">
      <Filter>Source Files</Filter>
    </ClCompile>
    <ClCompile Include="src\engine\gfx\mesh\MMesh.cpp">
      <Filter>Source Files</Filter>
    </ClCompile>
    <ClCompile Include="src\engine\gfx\mesh\VoxelMesh.cpp">
      <Filter>Source Files</Filter>
    </ClCompile>
    <ClCompile Include="src\engine\gfx\model\MModelObj.cpp">
      <Filter>Source Files</Filter>
    </ClCompile>
    <ClCompile Include="src\engine\gfx\model\ModelObj.cpp">
      <Filter>Source Files</Filter>
    </ClCompile>
    <ClCompile Include="src\engine\gfx\shader\Shader.cpp">
      <Filter>Source Files</Filter>
    </ClCompile>
    <ClCompile Include="src\engine\utils\directory\LDirectory.cpp">
      <Filter>Source Files</Filter>
    </ClCompile>
    <ClCompile Include="src\engine\utils\global\event\GKey.cpp">
      <Filter>Source Files</Filter>
    </ClCompile>
    <ClCompile Include="src\engine\utils\global\event\GMouse.cpp">
      <Filter>Source Files</Filter>
    </ClCompile>
    <ClCompile Include="src\engine\utils\global\GScreen.cpp">
      <Filter>Source Files</Filter>
    </ClCompile>
    <ClCompile Include="src\engine\utils\Utilities.cpp">
      <Filter>Source Files</Filter>
    </ClCompile>
    <ClCompile Include="src\engine\gfx\texture\MTexture.cpp">
      <Filter>Source Files</Filter>
    </ClCompile>
    <ClCompile Include="src\Main.cpp">
      <Filter>Source Files</Filter>
    </ClCompile>
    <ClCompile Include="src\engine\utils\logger\Logger.cpp">
      <Filter>Source Files</Filter>
    </ClCompile>
    <ClCompile Include="src\engine\gfx\gui\component\button\Button.cpp">
      <Filter>Source Files</Filter>
    </ClCompile>
    <ClCompile Include="src\engine\gfx\gui\component\button\ButtonRadio.cpp">
      <Filter>Source Files</Filter>
    </ClCompile>
    <ClCompile Include="src\engine\gfx\gui\component\button\ButtonToggle.cpp">
      <Filter>Source Files</Filter>
    </ClCompile>
    <ClCompile Include="src\engine\gfx\gui\component\container\ColorPanel.cpp">
      <Filter>Source Files</Filter>
    </ClCompile>
    <ClCompile Include="src\engine\gfx\gui\component\container\Container.cpp">
      <Filter>Source Files</Filter>
    </ClCompile>
    <ClCompile Include="src\engine\gfx\gui\component\container\ContainerPanel.cpp">
      <Filter>Source Files</Filter>
    </ClCompile>
    <ClCompile Include="src\engine\gfx\gui\component\container\Panel.cpp">
      <Filter>Source Files</Filter>
    </ClCompile>
    <ClCompile Include="src\engine\gfx\gui\component\dialog\Dialog.cpp">
      <Filter>Source Files</Filter>
    </ClCompile>
    <ClCompile Include="src\engine\gfx\gui\component\field\DataField.cpp">
      <Filter>Source Files</Filter>
    </ClCompile>
    <ClCompile Include="src\engine\gfx\gui\component\field\FileField.cpp">
      <Filter>Source Files</Filter>
    </ClCompile>
    <ClCompile Include="src\engine\gfx\gui\component\field\NumberField.cpp">
      <Filter>Source Files</Filter>
    </ClCompile>
    <ClCompile Include="src\engine\gfx\gui\component\field\Text.cpp">
      <Filter>Source Files</Filter>
    </ClCompile>
    <ClCompile Include="src\engine\gfx\gui\component\field\TextField.cpp">
      <Filter>Source Files</Filter>
    </ClCompile>
    <ClCompile Include="src\engine\gfx\gui\component\field\TextFile.cpp">
      <Filter>Source Files</Filter>
    </ClCompile>
    <ClCompile Include="src\engine\gfx\gui\component\icon\Icon.cpp">
      <Filter>Source Files</Filter>
    </ClCompile>
    <ClCompile Include="src\engine\gfx\gui\component\list\DropDown.cpp">
      <Filter>Source Files</Filter>
    </ClCompile>
    <ClCompile Include="src\engine\gfx\gui\component\list\List.cpp">
      <Filter>Source Files</Filter>
    </ClCompile>
    <ClCompile Include="src\engine\gfx\gui\component\list\Menubar.cpp">
      <Filter>Source Files</Filter>
    </ClCompile>
    <ClCompile Include="src\engine\gfx\gui\component\list\TabBar.cpp">
      <Filter>Source Files</Filter>
    </ClCompile>
    <ClCompile Include="src\engine\gfx\gui\component\list\Tileset.cpp">
      <Filter>Source Files</Filter>
    </ClCompile>
    <ClCompile Include="src\engine\gfx\gui\component\Component.cpp">
      <Filter>Source Files</Filter>
    </ClCompile>
    <ClCompile Include="src\engine\gfx\gui\component\frequency\Counter.cpp">
      <Filter>Source Files</Filter>
    </ClCompile>
    <ClCompile Include="src\engine\gfx\gui\component\frequency\Slider.cpp">
      <Filter>Source Files</Filter>
    </ClCompile>
    <ClCompile Include="src\engine\gfx\gui\component\frequency\SliderV.cpp">
      <Filter>Source Files</Filter>
    </ClCompile>
    <ClCompile Include="src\engine\gfx\gui\buffer\GBuffer.cpp">
      <Filter>Source Files</Filter>
    </ClCompile>
    <ClCompile Include="src\engine\editor\menu\FreshOverlay.cpp">
      <Filter>Source Files</Filter>
    </ClCompile>
    <ClCompile Include="src\engine\utils\math\ModelMath.cpp">
      <Filter>Source Files</Filter>
    </ClCompile>
    <ClCompile Include="src\engine\editor\model\menu\ColorOverlay.cpp">
      <Filter>Source Files</Filter>
    </ClCompile>
    <ClCompile Include="src\engine\editor\model\menu\ModelOverlay.cpp">
      <Filter>Source Files</Filter>
    </ClCompile>
    <ClCompile Include="src\engine\editor\model\SimpleModel.cpp">
      <Filter>Source Files</Filter>
    </ClCompile>
    <ClCompile Include="src\engine\gfx\gui\LGui.cpp">
      <Filter>Source Files</Filter>
    </ClCompile>
    <ClCompile Include="src\engine\editor\model\tool\voxel\fill\VFTAdd.cpp">
      <Filter>Source Files</Filter>
    </ClCompile>
    <ClCompile Include="src\engine\editor\model\tool\voxel\fill\VFTErase.cpp">
      <Filter>Source Files</Filter>
    </ClCompile>
    <ClCompile Include="src\engine\editor\model\tool\voxel\single\VSTEyedrop.cpp">
      <Filter>Source Files</Filter>
    </ClCompile>
    <ClCompile Include="src\engine\editor\model\tool\voxel\fill\VFTReplace.cpp">
      <Filter>Source Files</Filter>
    </ClCompile>
    <ClCompile Include="src\engine\editor\model\tool\matrix\MTResize.cpp">
      <Filter>Source Files</Filter>
    </ClCompile>
    <ClCompile Include="src\engine\editor\model\tool\matrix\MTMove.cpp">
      <Filter>Source Files</Filter>
    </ClCompile>
    <ClCompile Include="src\engine\utils\global\GLua.cpp">
      <Filter>Source Files</Filter>
    </ClCompile>
    <ClCompile Include="src\engine\editor\model\tool\matrix\MTSelect.cpp">
      <Filter>Source Files</Filter>
    </ClCompile>
    <ClCompile Include="src\engine\utils\variable\datatype\Color.cpp">
      <Filter>Source Files</Filter>
    </ClCompile>
    <ClCompile Include="src\engine\editor\model\format\export\StlFormat.cpp">
      <Filter>Source Files</Filter>
    </ClCompile>
    <ClCompile Include="src\engine\editor\model\format\export\ObjFormat.cpp">
      <Filter>Source Files</Filter>
    </ClCompile>
    <ClCompile Include="src\engine\editor\model\format\export\PlyFormat.cpp">
      <Filter>Source Files</Filter>
    </ClCompile>
    <ClCompile Include="src\engine\editor\model\format\LFormat.cpp">
      <Filter>Source Files</Filter>
    </ClCompile>
    <ClCompile Include="src\engine\editor\model\format\GFormat.cpp">
      <Filter>Source Files</Filter>
    </ClCompile>
    <ClCompile Include="src\engine\editor\model\format\import\CsmFormat.cpp">
      <Filter>Source Files</Filter>
    </ClCompile>
    <ClCompile Include="src\engine\editor\model\format\import\NvmFormat.cpp">
      <Filter>Source Files</Filter>
    </ClCompile>
    <ClCompile Include="src\engine\editor\model\format\import\QbFormat.cpp">
      <Filter>Source Files</Filter>
    </ClCompile>
    <ClCompile Include="src\engine\editor\model\format\import\QbclFormat.cpp">
      <Filter>Source Files</Filter>
    </ClCompile>
    <ClCompile Include="src\engine\editor\model\format\import\VoxFormat.cpp">
      <Filter>Source Files</Filter>
    </ClCompile>
    <ClCompile Include="src\engine\editor\model\tool\voxel\VTAdd.cpp">
      <Filter>Source Files</Filter>
    </ClCompile>
    <ClCompile Include="src\engine\editor\model\tool\voxel\VTErase.cpp">
      <Filter>Source Files</Filter>
    </ClCompile>
    <ClCompile Include="src\engine\editor\model\tool\voxel\VTReplace.cpp">
      <Filter>Source Files</Filter>
    </ClCompile>
    <ClCompile Include="src\engine\editor\GPreferences.cpp">
      <Filter>Source Files</Filter>
    </ClCompile>
    <ClCompile Include="src\engine\utils\variable\dictionary\DVoxel.cpp">
      <Filter>Source Files</Filter>
    </ClCompile>
    <ClCompile Include="lib\lodepng\include\lodepng.cpp">
      <Filter>Source Files</Filter>
    </ClCompile>
    <ClCompile Include="lib\lodepng\include\lodepng_util.cpp">
      <Filter>Source Files</Filter>
    </ClCompile>
    <ClCompile Include="src\engine\gfx\gui\component\list\ListThick.cpp">
      <Filter>Source Files</Filter>
    </ClCompile>
    <ClCompile Include="include\engine\editor\GRecents.cpp">
      <Filter>Source Files</Filter>
    </ClCompile>
    <ClCompile Include="src\engine\editor\model\command\ModelDeleteCommand.cpp">
      <Filter>Source Files</Filter>
    </ClCompile>
    <ClCompile Include="src\engine\editor\model\command\ModelPasteCommand.cpp">
      <Filter>Source Files</Filter>
    </ClCompile>
    <ClCompile Include="src\engine\editor\model\command\ModelDrawCommand.cpp">
      <Filter>Source Files</Filter>
    </ClCompile>
    <ClCompile Include="src\engine\editor\model\command\ModelMoveCommand.cpp">
      <Filter>Source Files</Filter>
    </ClCompile>
    <ClCompile Include="src\engine\editor\model\command\ModelNewCommand.cpp">
      <Filter>Source Files</Filter>
    </ClCompile>
    <ClCompile Include="src\engine\editor\model\command\ModelResizeCommand.cpp">
      <Filter>Source Files</Filter>
    </ClCompile>
    <ClCompile Include="src\engine\editor\model\command\ModelRenameCommand.cpp">
      <Filter>Source Files</Filter>
    </ClCompile>
    <ClCompile Include="src\engine\editor\model\command\ModelReorderCommand.cpp">
      <Filter>Source Files</Filter>
    </ClCompile>
  </ItemGroup>
  <ItemGroup>
    <ClInclude Include="include\Application.h">
      <Filter>Header Files</Filter>
    </ClInclude>
    <ClInclude Include="include\engine\editor\camera\Camera.h">
      <Filter>Header Files</Filter>
    </ClInclude>
    <ClInclude Include="include\engine\editor\command\Command.h">
      <Filter>Header Files</Filter>
    </ClInclude>
    <ClInclude Include="include\engine\editor\command\CommandCombo.h">
      <Filter>Header Files</Filter>
    </ClInclude>
    <ClInclude Include="include\engine\editor\command\LCommand.h">
      <Filter>Header Files</Filter>
    </ClInclude>
    <ClInclude Include="include\engine\editor\model\command\MDeleteCommand.h">
      <Filter>Header Files</Filter>
    </ClInclude>
    <ClInclude Include="include\engine\editor\model\command\MDrawCommand.h">
      <Filter>Header Files</Filter>
    </ClInclude>
    <ClInclude Include="include\engine\editor\model\command\MMoveCommand.h">
      <Filter>Header Files</Filter>
    </ClInclude>
    <ClInclude Include="include\engine\editor\model\command\MNewCommand.h">
      <Filter>Header Files</Filter>
    </ClInclude>
    <ClInclude Include="include\engine\editor\model\command\MPasteCommand.h">
      <Filter>Header Files</Filter>
    </ClInclude>
    <ClInclude Include="include\engine\editor\model\command\MResizeCommand.h">
      <Filter>Header Files</Filter>
    </ClInclude>
    <ClInclude Include="include\engine\editor\Editor.h">
      <Filter>Header Files</Filter>
    </ClInclude>
    <ClInclude Include="include\engine\editor\model\menu\ColorOverlay.h">
      <Filter>Header Files</Filter>
    </ClInclude>
    <ClInclude Include="include\engine\editor\menu\EditorOverlay.h">
      <Filter>Header Files</Filter>
    </ClInclude>
    <ClInclude Include="include\engine\editor\model\menu\ModelOverlay.h">
      <Filter>Header Files</Filter>
    </ClInclude>
    <ClInclude Include="include\engine\editor\model\EditMatrix.h">
      <Filter>Header Files</Filter>
    </ClInclude>
    <ClInclude Include="include\engine\editor\model\Matrix.h">
      <Filter>Header Files</Filter>
    </ClInclude>
    <ClInclude Include="include\engine\editor\model\Model.h">
      <Filter>Header Files</Filter>
    </ClInclude>
    <ClInclude Include="include\engine\editor\model\tool\LTool.h">
      <Filter>Header Files</Filter>
    </ClInclude>
    <ClInclude Include="include\engine\editor\model\tool\matrix\MatrixTool.h">
      <Filter>Header Files</Filter>
    </ClInclude>
    <ClInclude Include="include\engine\editor\model\tool\MTool.h">
      <Filter>Header Files</Filter>
    </ClInclude>
    <ClInclude Include="include\engine\editor\model\tool\Tool.h">
      <Filter>Header Files</Filter>
    </ClInclude>
    <ClInclude Include="include\engine\editor\model\tool\voxel\VoxelTool.h">
      <Filter>Header Files</Filter>
    </ClInclude>
    <ClInclude Include="include\engine\editor\TEMode.h">
      <Filter>Header Files</Filter>
    </ClInclude>
    <ClInclude Include="include\engine\gfx\font\Font.h">
      <Filter>Header Files</Filter>
    </ClInclude>
    <ClInclude Include="include\engine\gfx\gui\global\GGui.h">
      <Filter>Header Files</Filter>
    </ClInclude>
    <ClInclude Include="include\engine\gfx\model\MModelObj.h">
      <Filter>Header Files</Filter>
    </ClInclude>
    <ClInclude Include="include\engine\gfx\model\ModelObj.h">
      <Filter>Header Files</Filter>
    </ClInclude>
    <ClInclude Include="include\engine\gfx\shader\Shader.h">
      <Filter>Header Files</Filter>
    </ClInclude>
    <ClInclude Include="include\engine\sfx\LOpenAL.h">
      <Filter>Header Files</Filter>
    </ClInclude>
    <ClInclude Include="include\engine\utils\directory\LDirectory.h">
      <Filter>Header Files</Filter>
    </ClInclude>
    <ClInclude Include="include\engine\utils\global\event\GKey.h">
      <Filter>Header Files</Filter>
    </ClInclude>
    <ClInclude Include="include\engine\utils\global\event\GMouse.h">
      <Filter>Header Files</Filter>
    </ClInclude>
    <ClInclude Include="include\engine\utils\global\GScreen.h">
      <Filter>Header Files</Filter>
    </ClInclude>
    <ClInclude Include="include\engine\utils\LOpenGL.h">
      <Filter>Header Files</Filter>
    </ClInclude>
    <ClInclude Include="include\engine\utils\Singleton.h">
      <Filter>Header Files</Filter>
    </ClInclude>
    <ClInclude Include="include\engine\utils\Utilities.h">
      <Filter>Header Files</Filter>
    </ClInclude>
    <ClInclude Include="include\engine\utils\variable\datatype\Color.h">
      <Filter>Header Files</Filter>
    </ClInclude>
    <ClInclude Include="include\engine\utils\variable\datatype\Macros.h">
      <Filter>Header Files</Filter>
    </ClInclude>
    <ClInclude Include="include\engine\utils\variable\datatype\Rectangle.h">
      <Filter>Header Files</Filter>
    </ClInclude>
    <ClInclude Include="include\engine\gfx\texture\Texture.h">
      <Filter>Header Files</Filter>
    </ClInclude>
    <ClInclude Include="include\engine\utils\variable\datatype\Vector2.h">
      <Filter>Header Files</Filter>
    </ClInclude>
    <ClInclude Include="include\engine\utils\variable\datatype\Vector3.h">
      <Filter>Header Files</Filter>
    </ClInclude>
    <ClInclude Include="include\engine\utils\variable\datatype\Vector4.h">
      <Filter>Header Files</Filter>
    </ClInclude>
    <ClInclude Include="include\engine\utils\variable\datatype\Voxel.h">
      <Filter>Header Files</Filter>
    </ClInclude>
    <ClInclude Include="include\engine\utils\variable\manager\ColorManager.h">
      <Filter>Header Files</Filter>
    </ClInclude>
    <ClInclude Include="include\engine\utils\variable\manager\Manager.h">
      <Filter>Header Files</Filter>
    </ClInclude>
    <ClInclude Include="include\engine\gfx\texture\MTexture.h">
      <Filter>Header Files</Filter>
    </ClInclude>
    <ClInclude Include="include\engine\utils\variable\manager\VoxelManager.h">
      <Filter>Header Files</Filter>
    </ClInclude>
    <ClInclude Include="include\engine\utils\logger\Logger.h">
      <Filter>Header Files</Filter>
    </ClInclude>
    <ClInclude Include="include\engine\gfx\gui\component\button\Button.h">
      <Filter>Header Files</Filter>
    </ClInclude>
    <ClInclude Include="include\engine\gfx\gui\component\button\ButtonRadio.h">
      <Filter>Header Files</Filter>
    </ClInclude>
    <ClInclude Include="include\engine\gfx\gui\component\button\ButtonToggle.h">
      <Filter>Header Files</Filter>
    </ClInclude>
    <ClInclude Include="include\engine\gfx\gui\component\container\BackPanel.h">
      <Filter>Header Files</Filter>
    </ClInclude>
    <ClInclude Include="include\engine\gfx\gui\component\container\ColorPanel.h">
      <Filter>Header Files</Filter>
    </ClInclude>
    <ClInclude Include="include\engine\gfx\gui\component\container\Container.h">
      <Filter>Header Files</Filter>
    </ClInclude>
    <ClInclude Include="include\engine\gfx\gui\component\container\ContainerPanel.h">
      <Filter>Header Files</Filter>
    </ClInclude>
    <ClInclude Include="include\engine\gfx\gui\component\container\Panel.h">
      <Filter>Header Files</Filter>
    </ClInclude>
    <ClInclude Include="include\engine\gfx\gui\component\dialog\Dialog.h">
      <Filter>Header Files</Filter>
    </ClInclude>
    <ClInclude Include="include\engine\gfx\gui\component\field\DataField.h">
      <Filter>Header Files</Filter>
    </ClInclude>
    <ClInclude Include="include\engine\gfx\gui\component\field\FileField.h">
      <Filter>Header Files</Filter>
    </ClInclude>
    <ClInclude Include="include\engine\gfx\gui\component\field\NumberField.h">
      <Filter>Header Files</Filter>
    </ClInclude>
    <ClInclude Include="include\engine\gfx\gui\component\field\Text.h">
      <Filter>Header Files</Filter>
    </ClInclude>
    <ClInclude Include="include\engine\gfx\gui\component\field\TextField.h">
      <Filter>Header Files</Filter>
    </ClInclude>
    <ClInclude Include="include\engine\gfx\gui\component\field\TextFile.h">
      <Filter>Header Files</Filter>
    </ClInclude>
    <ClInclude Include="include\engine\gfx\gui\component\frequency\Counter.h">
      <Filter>Header Files</Filter>
    </ClInclude>
    <ClInclude Include="include\engine\gfx\gui\component\frequency\Slider.h">
      <Filter>Header Files</Filter>
    </ClInclude>
    <ClInclude Include="include\engine\gfx\gui\component\frequency\SliderV.h">
      <Filter>Header Files</Filter>
    </ClInclude>
    <ClInclude Include="include\engine\gfx\gui\component\icon\Icon.h">
      <Filter>Header Files</Filter>
    </ClInclude>
    <ClInclude Include="include\engine\gfx\gui\component\list\DropDown.h">
      <Filter>Header Files</Filter>
    </ClInclude>
    <ClInclude Include="include\engine\gfx\gui\component\list\List.h">
      <Filter>Header Files</Filter>
    </ClInclude>
    <ClInclude Include="include\engine\gfx\gui\component\list\Menubar.h">
      <Filter>Header Files</Filter>
    </ClInclude>
    <ClInclude Include="include\engine\gfx\gui\component\list\TabBar.h">
      <Filter>Header Files</Filter>
    </ClInclude>
    <ClInclude Include="include\engine\gfx\gui\component\list\Tileset.h">
      <Filter>Header Files</Filter>
    </ClInclude>
    <ClInclude Include="include\engine\gfx\gui\component\Component.h">
      <Filter>Header Files</Filter>
    </ClInclude>
    <ClInclude Include="include\engine\gfx\gui\buffer\GBuffer.h">
      <Filter>Header Files</Filter>
    </ClInclude>
    <ClInclude Include="include\engine\gfx\mesh\MMesh.h">
      <Filter>Header Files</Filter>
    </ClInclude>
    <ClInclude Include="include\engine\gfx\mesh\VoxelMesh.h">
      <Filter>Header Files</Filter>
    </ClInclude>
    <ClInclude Include="include\engine\editor\menu\FreshOverlay.h">
      <Filter>Header Files</Filter>
    </ClInclude>
    <ClInclude Include="include\engine\utils\math\ModelMath.h">
      <Filter>Header Files</Filter>
    </ClInclude>
    <ClInclude Include="include\engine\editor\model\SimpleModel.h">
      <Filter>Header Files</Filter>
    </ClInclude>
    <ClInclude Include="include\engine\gfx\gui\LGui.h">
      <Filter>Header Files</Filter>
    </ClInclude>
    <ClInclude Include="include\engine\editor\model\tool\voxel\single\VSTEyedrop.h">
      <Filter>Header Files</Filter>
    </ClInclude>
    <ClInclude Include="include\engine\editor\model\tool\matrix\MTResize.h">
      <Filter>Header Files</Filter>
    </ClInclude>
    <ClInclude Include="include\engine\editor\model\tool\matrix\MTMove.h">
      <Filter>Header Files</Filter>
    </ClInclude>
    <ClInclude Include="include\engine\utils\global\GLua.h">
      <Filter>Header Files</Filter>
    </ClInclude>
    <ClInclude Include="lib\freetype\include\freetype\internal\ftdriver.h">
      <Filter>Header Files</Filter>
    </ClInclude>
    <ClInclude Include="lib\freetype\include\freetype\internal\ftpic.h">
      <Filter>Header Files</Filter>
    </ClInclude>
    <ClInclude Include="lib\freetype\include\freetype\ftautoh.h">
      <Filter>Header Files</Filter>
    </ClInclude>
    <ClInclude Include="lib\freetype\include\freetype\ftcffdrv.h">
      <Filter>Header Files</Filter>
    </ClInclude>
    <ClInclude Include="lib\freetype\include\freetype\ftttdrv.h">
      <Filter>Header Files</Filter>
    </ClInclude>
    <ClInclude Include="lib\freetype\include\freetype\ttunpat.h">
      <Filter>Header Files</Filter>
    </ClInclude>
    <ClInclude Include="resource.h">
      <Filter>Header Files</Filter>
    </ClInclude>
    <ClInclude Include="include\engine\editor\model\tool\matrix\MTSelect.h">
      <Filter>Header Files</Filter>
    </ClInclude>
    <ClInclude Include="include\engine\editor\model\format\export\StlFormat.h">
      <Filter>Header Files</Filter>
    </ClInclude>
    <ClInclude Include="include\engine\editor\model\format\export\ObjFormat.h">
      <Filter>Header Files</Filter>
    </ClInclude>
    <ClInclude Include="include\engine\editor\model\format\export\PlyFormat.h">
      <Filter>Header Files</Filter>
    </ClInclude>
    <ClInclude Include="include\engine\editor\model\format\LFormat.h">
      <Filter>Header Files</Filter>
    </ClInclude>
    <ClInclude Include="include\engine\editor\model\format\GFormat.h">
      <Filter>Header Files</Filter>
    </ClInclude>
    <ClInclude Include="include\engine\editor\model\format\import\CsmFormat.h">
      <Filter>Header Files</Filter>
    </ClInclude>
    <ClInclude Include="include\engine\editor\model\format\import\NvmFormat.h">
      <Filter>Header Files</Filter>
    </ClInclude>
    <ClInclude Include="include\engine\editor\model\format\import\QbclFormat.h">
      <Filter>Header Files</Filter>
    </ClInclude>
    <ClInclude Include="include\engine\editor\model\format\import\VoxFormat.h">
      <Filter>Header Files</Filter>
    </ClInclude>
    <ClInclude Include="include\engine\editor\model\format\import\QbFormat.h">
      <Filter>Header Files</Filter>
    </ClInclude>
    <ClInclude Include="include\engine\editor\model\tool\voxel\VTAdd.h">
      <Filter>Header Files</Filter>
    </ClInclude>
    <ClInclude Include="include\engine\editor\model\tool\voxel\VTErase.h">
      <Filter>Header Files</Filter>
    </ClInclude>
    <ClInclude Include="include\engine\editor\model\tool\voxel\VTReplace.h">
      <Filter>Header Files</Filter>
    </ClInclude>
    <ClInclude Include="include\engine\editor\model\tool\voxel\fill\VFTAdd.h">
      <Filter>Header Files</Filter>
    </ClInclude>
    <ClInclude Include="include\engine\editor\model\tool\voxel\fill\VFTErase.h">
      <Filter>Header Files</Filter>
    </ClInclude>
    <ClInclude Include="include\engine\editor\model\tool\voxel\fill\VFTReplace.h">
      <Filter>Header Files</Filter>
    </ClInclude>
    <ClInclude Include="include\engine\editor\model\command\MRenameCommand.h">
      <Filter>Header Files</Filter>
    </ClInclude>
    <ClInclude Include="include\engine\editor\model\command\MReorderCommand.h">
      <Filter>Header Files</Filter>
    </ClInclude>
    <ClInclude Include="include\engine\editor\GPreferences.h">
      <Filter>Header Files</Filter>
    </ClInclude>
    <ClInclude Include="include\engine\utils\global\GPreferences.h">
      <Filter>Header Files</Filter>
    </ClInclude>
    <ClInclude Include="include\engine\utils\variable\dictionary\DVoxel.h">
      <Filter>Header Files</Filter>
    </ClInclude>
    <ClInclude Include="lib\lodepng\include\lodepng.h">
      <Filter>Header Files</Filter>
    </ClInclude>
    <ClInclude Include="lib\lodepng\include\lodepng_util.h">
      <Filter>Header Files</Filter>
    </ClInclude>
    <ClInclude Include="include\engine\gfx\gui\component\list\ListThick.h">
      <Filter>Header Files</Filter>
    </ClInclude>
    <ClInclude Include="include\engine\editor\GRecents.h">
      <Filter>Header Files</Filter>
    </ClInclude>
  </ItemGroup>
  <ItemGroup>
    <ResourceCompile Include="Chronovox Studio.rc">
      <Filter>Resource Files</Filter>
    </ResourceCompile>
  </ItemGroup>
  <ItemGroup>
    <Image Include="res\texture\gui\Icon.ico">
      <Filter>Resource Files</Filter>
    </Image>
    <Image Include="res\texture\gui\icon6.ico">
      <Filter>Resource Files</Filter>
    </Image>
    <Image Include="res\texture\gui\IconExtraLarge.ico">
      <Filter>Resource Files</Filter>
    </Image>
    <Image Include="res\texture\gui\IconExtraSmall.ico">
      <Filter>Resource Files</Filter>
    </Image>
    <Image Include="res\texture\gui\IconLarge.ico">
      <Filter>Resource Files</Filter>
    </Image>
    <Image Include="res\texture\gui\IconLarge.png">
      <Filter>Resource Files</Filter>
    </Image>
    <Image Include="res\texture\gui\IconSmall.ico">
      <Filter>Resource Files</Filter>
    </Image>
  </ItemGroup>
  <ItemGroup>
    <None Include="res\shader\depthRTT.frag" />
    <None Include="res\shader\depthRTT.vert" />
    <None Include="res\shader\shadowmap.frag" />
    <None Include="res\shader\shadowmap.vert" />
    <None Include="res\shader\simple.frag" />
    <None Include="res\shader\simple.vert" />
    <None Include="res\shader\gui.vert" />
    <None Include="res\shader\gui.frag" />
    <None Include="res\texture\gui\Logo.svg" />
    <None Include="res\cursor\aero_arrow.cur">
      <Filter>Resource Files</Filter>
    </None>
    <None Include="res\cursor\aero_ew.cur">
      <Filter>Resource Files</Filter>
    </None>
    <None Include="res\cursor\aero_helpsel.cur">
      <Filter>Resource Files</Filter>
    </None>
    <None Include="res\cursor\aero_link.cur">
      <Filter>Resource Files</Filter>
    </None>
    <None Include="res\cursor\aero_move.cur">
      <Filter>Resource Files</Filter>
    </None>
    <None Include="res\cursor\aero_nesw.cur">
      <Filter>Resource Files</Filter>
    </None>
    <None Include="res\cursor\aero_ns.cur">
      <Filter>Resource Files</Filter>
    </None>
    <None Include="res\cursor\aero_nwse.cur">
      <Filter>Resource Files</Filter>
    </None>
    <None Include="res\cursor\aero_pen.cur">
      <Filter>Resource Files</Filter>
    </None>
    <None Include="res\cursor\aero_unavail.cur">
      <Filter>Resource Files</Filter>
    </None>
    <None Include="res\cursor\beam.cur">
      <Filter>Resource Files</Filter>
    </None>
  </ItemGroup>
</Project>