<?xml version="1.0" encoding="utf-8"?>
<Project ToolsVersion="4.0" xmlns="http://schemas.microsoft.com/developer/msbuild/2003">
  <ItemGroup>
    <Filter Include="Source Files">
      <UniqueIdentifier>{4FC737F1-C7A5-4376-A066-2A32D752A2FF}</UniqueIdentifier>
      <Extensions>cpp;c;cc;cxx;def;odl;idl;hpj;bat;asm;asmx</Extensions>
    </Filter>
    <Filter Include="Header Files">
      <UniqueIdentifier>{93995380-89BD-4b04-88EB-625FBE52EBFB}</UniqueIdentifier>
      <Extensions>h;hh;hpp;hxx;hm;inl;inc;xsd</Extensions>
    </Filter>
    <Filter Include="Resource Files">
      <UniqueIdentifier>{67DA6AB6-F800-4c08-8B7A-83BB121AAD01}</UniqueIdentifier>
      <Extensions>rc;ico;cur;bmp;dlg;rc2;rct;bin;rgs;gif;jpg;jpeg;jpe;resx;tiff;tif;png;wav;mfcribbon-ms</Extensions>
    </Filter>
  </ItemGroup>
  <ItemGroup>
    <ClCompile Include="src\engine\gfx\font\Font.cpp">
      <Filter>Source Files</Filter>
    </ClCompile>
    <ClCompile Include="src\engine\gfx\mesh\VoxelMesh.cpp">
      <Filter>Source Files</Filter>
    </ClCompile>
    <ClCompile Include="src\engine\sfx\Sound.cpp">
      <Filter>Source Files</Filter>
    </ClCompile>
    <ClCompile Include="src\engine\utils\variable\manager\ColorManager.cpp">
      <Filter>Source Files</Filter>
    </ClCompile>
    <ClCompile Include="src\engine\utils\variable\manager\Manager.cpp">
      <Filter>Source Files</Filter>
    </ClCompile>
    <ClCompile Include="src\engine\utils\variable\manager\ScissorManager.cpp">
      <Filter>Source Files</Filter>
    </ClCompile>
    <ClCompile Include="src\engine\utils\Utilities.cpp">
      <Filter>Source Files</Filter>
    </ClCompile>
    <ClCompile Include="src\Application.cpp">
      <Filter>Source Files</Filter>
    </ClCompile>
    <ClCompile Include="src\Main.cpp">
      <Filter>Source Files</Filter>
    </ClCompile>
    <ClCompile Include="src\engine\editor\model\Matrix.cpp">
      <Filter>Source Files</Filter>
    </ClCompile>
    <ClCompile Include="src\engine\editor\Editor.cpp">
      <Filter>Source Files</Filter>
    </ClCompile>
    <ClCompile Include="src\engine\editor\model\Model.cpp">
      <Filter>Source Files</Filter>
    </ClCompile>
    <ClCompile Include="src\engine\gfx\gui\Component.cpp">
      <Filter>Source Files</Filter>
    </ClCompile>
    <ClCompile Include="src\engine\gfx\gui\button\Button.cpp">
      <Filter>Source Files</Filter>
    </ClCompile>
    <ClCompile Include="src\engine\gfx\gui\list\DropDown.cpp">
      <Filter>Source Files</Filter>
    </ClCompile>
    <ClCompile Include="src\engine\gfx\gui\list\List.cpp">
      <Filter>Source Files</Filter>
    </ClCompile>
    <ClCompile Include="src\engine\gfx\gui\list\TabBar.cpp">
      <Filter>Source Files</Filter>
    </ClCompile>
    <ClCompile Include="src\engine\gfx\gui\list\Tileset.cpp">
      <Filter>Source Files</Filter>
    </ClCompile>
    <ClCompile Include="src\engine\gfx\gui\list\Toolbar.cpp">
      <Filter>Source Files</Filter>
    </ClCompile>
    <ClCompile Include="src\engine\gfx\gui\field\NumberField.cpp">
      <Filter>Source Files</Filter>
    </ClCompile>
    <ClCompile Include="src\engine\gfx\gui\field\Text.cpp">
      <Filter>Source Files</Filter>
    </ClCompile>
    <ClCompile Include="src\engine\gfx\gui\field\TextField.cpp">
      <Filter>Source Files</Filter>
    </ClCompile>
    <ClCompile Include="src\engine\gfx\gui\container\Panel.cpp">
      <Filter>Source Files</Filter>
    </ClCompile>
    <ClCompile Include="src\engine\gfx\gui\container\ContainerPanel.cpp">
      <Filter>Source Files</Filter>
    </ClCompile>
    <ClCompile Include="src\engine\gfx\gui\container\Container.cpp">
      <Filter>Source Files</Filter>
    </ClCompile>
    <ClCompile Include="src\engine\gfx\gui\frequency\Counter.cpp">
      <Filter>Source Files</Filter>
    </ClCompile>
    <ClCompile Include="src\engine\gfx\gui\frequency\Slider.cpp">
      <Filter>Source Files</Filter>
    </ClCompile>
    <ClCompile Include="src\engine\gfx\gui\button\ButtonToggle.cpp">
      <Filter>Source Files</Filter>
    </ClCompile>
    <ClCompile Include="src\engine\gfx\gui\button\ButtonRadio.cpp">
      <Filter>Source Files</Filter>
    </ClCompile>
    <ClCompile Include="src\engine\gfx\gui\container\ColorPanel.cpp">
      <Filter>Source Files</Filter>
    </ClCompile>
    <ClCompile Include="src\engine\gfx\gui\field\FileField.cpp">
      <Filter>Source Files</Filter>
    </ClCompile>
    <ClCompile Include="src\engine\gfx\gui\field\DataField.cpp">
      <Filter>Source Files</Filter>
    </ClCompile>
    <ClCompile Include="src\engine\editor\model\format\NvmFormat.cpp">
      <Filter>Source Files</Filter>
    </ClCompile>
    <ClCompile Include="src\engine\utils\global\GScreen.cpp">
      <Filter>Source Files</Filter>
    </ClCompile>
    <ClCompile Include="src\engine\utils\global\event\GKey.cpp">
      <Filter>Source Files</Filter>
    </ClCompile>
    <ClCompile Include="src\engine\utils\global\event\GMouse.cpp">
      <Filter>Source Files</Filter>
    </ClCompile>
    <ClCompile Include="src\engine\gfx\gui\frequency\SliderV.cpp">
      <Filter>Source Files</Filter>
    </ClCompile>
    <ClCompile Include="include\engine\gfx\mesh\object\MCube.h">
      <Filter>Source Files</Filter>
    </ClCompile>
    <ClCompile Include="src\engine\gfx\gui\icon\Icon.cpp">
      <Filter>Source Files</Filter>
    </ClCompile>
    <ClCompile Include="src\engine\gfx\shader\Shader.cpp">
      <Filter>Source Files</Filter>
    </ClCompile>
    <ClCompile Include="src\engine\editor\model\format\Format.cpp">
      <Filter>Source Files</Filter>
    </ClCompile>
    <ClCompile Include="src\engine\editor\model\format\VoxFormat.cpp">
      <Filter>Source Files</Filter>
    </ClCompile>
    <ClCompile Include="src\engine\editor\model\format\QbFormat.cpp">
      <Filter>Source Files</Filter>
    </ClCompile>
    <ClCompile Include="src\engine\editor\model\menu\ModelOverlay.cpp">
      <Filter>Source Files</Filter>
    </ClCompile>
    <ClCompile Include="src\engine\editor\menu\EditorOverlay.cpp">
      <Filter>Source Files</Filter>
    </ClCompile>
    <ClCompile Include="src\engine\editor\TEMode.cpp">
      <Filter>Source Files</Filter>
    </ClCompile>
    <ClCompile Include="src\engine\editor\animation\Animation.cpp">
      <Filter>Source Files</Filter>
    </ClCompile>
    <ClCompile Include="src\engine\editor\animation\menu\AnimationOverlay.cpp">
      <Filter>Source Files</Filter>
    </ClCompile>
    <ClCompile Include="src\engine\editor\model\menu\PropertiesDialog.cpp">
      <Filter>Source Files</Filter>
    </ClCompile>
    <ClCompile Include="src\engine\gfx\gui\dialog\Dialog.cpp">
      <Filter>Source Files</Filter>
    </ClCompile>
    <ClCompile Include="src\engine\editor\animation\menu\KeyframeTimeline.cpp">
      <Filter>Source Files</Filter>
    </ClCompile>
    <ClCompile Include="src\engine\editor\model\menu\ColorOverlay.cpp">
      <Filter>Source Files</Filter>
    </ClCompile>
    <ClCompile Include="src\engine\editor\animation\keyframe\Keyframe.cpp">
      <Filter>Source Files</Filter>
    </ClCompile>
    <ClCompile Include="src\engine\editor\model\tool\voxel\VoxelTool.cpp">
      <Filter>Source Files</Filter>
    </ClCompile>
    <ClCompile Include="src\engine\editor\model\tool\Tool.cpp">
      <Filter>Source Files</Filter>
    </ClCompile>
    <ClCompile Include="src\engine\editor\model\tool\voxel\VTAdd.cpp">
      <Filter>Source Files</Filter>
    </ClCompile>
    <ClCompile Include="src\engine\editor\model\tool\voxel\VTErase.cpp">
      <Filter>Source Files</Filter>
    </ClCompile>
    <ClCompile Include="src\engine\editor\model\tool\voxel\VTReplace.cpp">
      <Filter>Source Files</Filter>
    </ClCompile>
    <ClCompile Include="src\engine\gfx\mesh\MMesh.cpp">
      <Filter>Source Files</Filter>
    </ClCompile>
    <ClCompile Include="src\engine\gfx\texture\MTexture.cpp">
      <Filter>Source Files</Filter>
    </ClCompile>
    <ClCompile Include="src\engine\editor\model\tool\MTool.cpp">
      <Filter>Source Files</Filter>
    </ClCompile>
    <ClCompile Include="src\engine\editor\model\tool\voxel\VTEyedrop.cpp">
      <Filter>Source Files</Filter>
    </ClCompile>
    <ClCompile Include="src\engine\editor\model\tool\matrix\MatrixTool.cpp">
      <Filter>Source Files</Filter>
    </ClCompile>
    <ClCompile Include="src\engine\editor\model\math\ModelMath.cpp">
      <Filter>Source Files</Filter>
    </ClCompile>
    <ClCompile Include="src\engine\utils\directory\LDirectory.cpp">
      <Filter>Source Files</Filter>
    </ClCompile>
    <ClCompile Include="src\engine\editor\model\tool\matrix\MTSelect.cpp">
      <Filter>Source Files</Filter>
    </ClCompile>
    <ClCompile Include="src\engine\editor\camera\Camera.cpp">
      <Filter>Source Files</Filter>
    </ClCompile>
    <ClCompile Include="src\engine\gfx\gui\global\GGui.cpp">
      <Filter>Source Files</Filter>
    </ClCompile>
    <ClCompile Include="src\engine\editor\model\EditMatrix.cpp">
      <Filter>Source Files</Filter>
    </ClCompile>
    <ClCompile Include="src\engine\editor\model\format\QbclFormat.cpp">
      <Filter>Source Files</Filter>
    </ClCompile>
    <ClCompile Include="src\engine\gfx\mesh\object\TMeshObject.cpp">
      <Filter>Source Files</Filter>
    </ClCompile>
    <ClCompile Include="src\engine\gfx\model\ModelObj.cpp">
      <Filter>Source Files</Filter>
    </ClCompile>
    <ClCompile Include="src\engine\gfx\model\MModelObj.cpp">
      <Filter>Source Files</Filter>
    </ClCompile>
  </ItemGroup>
  <ItemGroup>
    <ClInclude Include="include\engine\gfx\font\Font.h">
      <Filter>Header Files</Filter>
    </ClInclude>
    <ClInclude Include="include\engine\gfx\mesh\VoxelMesh.h">
      <Filter>Header Files</Filter>
    </ClInclude>
    <ClInclude Include="include\engine\gfx\LGui.h">
      <Filter>Header Files</Filter>
    </ClInclude>
    <ClInclude Include="include\engine\sfx\LOpenAL.h">
      <Filter>Header Files</Filter>
    </ClInclude>
    <ClInclude Include="include\engine\sfx\Sound.h">
      <Filter>Header Files</Filter>
    </ClInclude>
    <ClInclude Include="include\engine\utils\variable\datatype\Color.h">
      <Filter>Header Files</Filter>
    </ClInclude>
    <ClInclude Include="include\engine\utils\variable\datatype\Macros.h">
      <Filter>Header Files</Filter>
    </ClInclude>
    <ClInclude Include="include\engine\utils\variable\datatype\Rectangle.h">
      <Filter>Header Files</Filter>
    </ClInclude>
    <ClInclude Include="include\engine\utils\variable\datatype\Vector2.h">
      <Filter>Header Files</Filter>
    </ClInclude>
    <ClInclude Include="include\engine\utils\variable\datatype\Vector3.h">
      <Filter>Header Files</Filter>
    </ClInclude>
    <ClInclude Include="include\engine\utils\variable\datatype\Vector4.h">
      <Filter>Header Files</Filter>
    </ClInclude>
    <ClInclude Include="include\engine\utils\variable\datatype\Voxel.h">
      <Filter>Header Files</Filter>
    </ClInclude>
    <ClInclude Include="include\engine\utils\variable\manager\ColorManager.h">
      <Filter>Header Files</Filter>
    </ClInclude>
    <ClInclude Include="include\engine\utils\variable\manager\Manager.h">
      <Filter>Header Files</Filter>
    </ClInclude>
    <ClInclude Include="include\engine\utils\variable\manager\ScissorManager.h">
      <Filter>Header Files</Filter>
    </ClInclude>
    <ClInclude Include="include\engine\utils\variable\manager\VoxelManager.h">
      <Filter>Header Files</Filter>
    </ClInclude>
    <ClInclude Include="include\engine\utils\Singleton.h">
      <Filter>Header Files</Filter>
    </ClInclude>
    <ClInclude Include="include\engine\utils\Utilities.h">
      <Filter>Header Files</Filter>
    </ClInclude>
    <ClInclude Include="include\Application.h">
      <Filter>Header Files</Filter>
    </ClInclude>
    <ClInclude Include="include\engine\editor\model\Model.h">
      <Filter>Header Files</Filter>
    </ClInclude>
    <ClInclude Include="include\engine\editor\model\Matrix.h">
      <Filter>Header Files</Filter>
    </ClInclude>
    <ClInclude Include="include\engine\editor\Editor.h">
      <Filter>Header Files</Filter>
    </ClInclude>
    <ClInclude Include="include\engine\gfx\gui\container\Container.h">
      <Filter>Header Files</Filter>
    </ClInclude>
    <ClInclude Include="include\engine\gfx\gui\container\ContainerPanel.h">
      <Filter>Header Files</Filter>
    </ClInclude>
    <ClInclude Include="include\engine\gfx\gui\container\Panel.h">
      <Filter>Header Files</Filter>
    </ClInclude>
    <ClInclude Include="include\engine\gfx\gui\Component.h">
      <Filter>Header Files</Filter>
    </ClInclude>
    <ClInclude Include="include\engine\gfx\gui\button\Button.h">
      <Filter>Header Files</Filter>
    </ClInclude>
    <ClInclude Include="include\engine\gfx\gui\list\DropDown.h">
      <Filter>Header Files</Filter>
    </ClInclude>
    <ClInclude Include="include\engine\gfx\gui\list\List.h">
      <Filter>Header Files</Filter>
    </ClInclude>
    <ClInclude Include="include\engine\gfx\gui\field\NumberField.h">
      <Filter>Header Files</Filter>
    </ClInclude>
    <ClInclude Include="include\engine\gfx\gui\field\TextField.h">
      <Filter>Header Files</Filter>
    </ClInclude>
    <ClInclude Include="include\engine\gfx\gui\list\Tileset.h">
      <Filter>Header Files</Filter>
    </ClInclude>
    <ClInclude Include="include\engine\gfx\gui\list\Toolbar.h">
      <Filter>Header Files</Filter>
    </ClInclude>
    <ClInclude Include="include\engine\gfx\gui\list\TabBar.h">
      <Filter>Header Files</Filter>
    </ClInclude>
    <ClInclude Include="include\engine\gfx\gui\field\Text.h">
      <Filter>Header Files</Filter>
    </ClInclude>
    <ClInclude Include="include\engine\gfx\gui\frequency\Counter.h">
      <Filter>Header Files</Filter>
    </ClInclude>
    <ClInclude Include="include\engine\gfx\gui\frequency\Slider.h">
      <Filter>Header Files</Filter>
    </ClInclude>
    <ClInclude Include="include\engine\gfx\gui\button\ButtonRadio.h">
      <Filter>Header Files</Filter>
    </ClInclude>
    <ClInclude Include="include\engine\gfx\gui\button\ButtonToggle.h">
      <Filter>Header Files</Filter>
    </ClInclude>
    <ClInclude Include="include\engine\gfx\gui\container\ColorPanel.h">
      <Filter>Header Files</Filter>
    </ClInclude>
    <ClInclude Include="include\engine\editor\command\Command.h">
      <Filter>Header Files</Filter>
    </ClInclude>
    <ClInclude Include="include\engine\gfx\gui\field\FileField.h">
      <Filter>Header Files</Filter>
    </ClInclude>
    <ClInclude Include="include\engine\gfx\gui\container\BackPanel.h">
      <Filter>Header Files</Filter>
    </ClInclude>
    <ClInclude Include="include\engine\gfx\gui\field\DataField.h">
      <Filter>Header Files</Filter>
    </ClInclude>
    <ClInclude Include="include\engine\editor\model\EditMatrix.h">
      <Filter>Header Files</Filter>
    </ClInclude>
    <ClInclude Include="resource.h">
      <Filter>Header Files</Filter>
    </ClInclude>
    <ClInclude Include="include\engine\utils\global\GScreen.h">
      <Filter>Header Files</Filter>
    </ClInclude>
    <ClInclude Include="include\engine\utils\global\event\GMouse.h">
      <Filter>Header Files</Filter>
    </ClInclude>
    <ClInclude Include="include\engine\utils\global\event\GKey.h">
      <Filter>Header Files</Filter>
    </ClInclude>
    <ClInclude Include="include\engine\gfx\gui\frequency\SliderV.h">
      <Filter>Header Files</Filter>
    </ClInclude>
    <ClInclude Include="include\engine\gfx\mesh\object\MArrow.h">
      <Filter>Header Files</Filter>
    </ClInclude>
    <ClInclude Include="include\engine\gfx\mesh\object\TMeshObject.h">
      <Filter>Header Files</Filter>
    </ClInclude>
    <ClInclude Include="include\engine\gfx\mesh\object\MScale.h">
      <Filter>Header Files</Filter>
    </ClInclude>
    <ClInclude Include="include\engine\gfx\gui\icon\Icon.h">
      <Filter>Header Files</Filter>
    </ClInclude>
    <ClInclude Include="include\engine\gfx\shader\Shader.h">
      <Filter>Header Files</Filter>
    </ClInclude>
    <ClInclude Include="include\engine\editor\model\tool\Tool.h">
      <Filter>Header Files</Filter>
    </ClInclude>
    <ClInclude Include="include\engine\editor\model\menu\ColorOverlay.h">
      <Filter>Header Files</Filter>
    </ClInclude>
    <ClInclude Include="include\engine\editor\model\format\Format.h">
      <Filter>Header Files</Filter>
    </ClInclude>
    <ClInclude Include="include\engine\editor\model\format\NvmFormat.h">
      <Filter>Header Files</Filter>
    </ClInclude>
    <ClInclude Include="include\engine\editor\model\format\QbclFormat.h">
      <Filter>Header Files</Filter>
    </ClInclude>
    <ClInclude Include="include\engine\editor\model\format\QbFormat.h">
      <Filter>Header Files</Filter>
    </ClInclude>
    <ClInclude Include="include\engine\editor\model\format\VoxFormat.h">
      <Filter>Header Files</Filter>
    </ClInclude>
    <ClInclude Include="include\engine\editor\model\menu\ModelOverlay.h">
      <Filter>Header Files</Filter>
    </ClInclude>
    <ClInclude Include="include\engine\editor\animation\menu\AnimationOverlay.h">
      <Filter>Header Files</Filter>
    </ClInclude>
    <ClInclude Include="include\engine\editor\menu\EditorOverlay.h">
      <Filter>Header Files</Filter>
    </ClInclude>
    <ClInclude Include="include\engine\editor\TEMode.h">
      <Filter>Header Files</Filter>
    </ClInclude>
    <ClInclude Include="include\engine\editor\animation\Animation.h">
      <Filter>Header Files</Filter>
    </ClInclude>
    <ClInclude Include="include\engine\editor\animation\menu\KeyframeTimeline.h">
      <Filter>Header Files</Filter>
    </ClInclude>
    <ClInclude Include="include\engine\editor\model\menu\PropertiesDialog.h">
      <Filter>Header Files</Filter>
    </ClInclude>
    <ClInclude Include="include\engine\gfx\gui\dialog\Dialog.h">
      <Filter>Header Files</Filter>
    </ClInclude>
    <ClInclude Include="include\engine\editor\animation\command\KDeleteCommand.h">
      <Filter>Header Files</Filter>
    </ClInclude>
    <ClInclude Include="include\engine\editor\model\command\MDeleteCommand.h">
      <Filter>Header Files</Filter>
    </ClInclude>
    <ClInclude Include="include\engine\editor\model\command\MDrawCommand.h">
      <Filter>Header Files</Filter>
    </ClInclude>
    <ClInclude Include="include\engine\editor\model\command\MMoveCommand.h">
      <Filter>Header Files</Filter>
    </ClInclude>
    <ClInclude Include="include\engine\editor\model\command\MNewCommand.h">
      <Filter>Header Files</Filter>
    </ClInclude>
    <ClInclude Include="include\engine\editor\model\command\MPasteCommand.h">
      <Filter>Header Files</Filter>
    </ClInclude>
    <ClInclude Include="include\engine\editor\model\command\MResizeCommand.h">
      <Filter>Header Files</Filter>
    </ClInclude>
    <ClInclude Include="include\engine\editor\animation\keyframe\Keyframe.h">
      <Filter>Header Files</Filter>
    </ClInclude>
    <ClInclude Include="include\engine\editor\model\tool\voxel\VoxelTool.h">
      <Filter>Header Files</Filter>
    </ClInclude>
    <ClInclude Include="include\engine\editor\model\tool\LTool.h">
      <Filter>Header Files</Filter>
    </ClInclude>
    <ClInclude Include="include\engine\editor\model\tool\voxel\VTAdd.h">
      <Filter>Header Files</Filter>
    </ClInclude>
    <ClInclude Include="include\engine\editor\model\tool\voxel\VTErase.h">
      <Filter>Header Files</Filter>
    </ClInclude>
    <ClInclude Include="include\engine\editor\model\tool\voxel\VTReplace.h">
      <Filter>Header Files</Filter>
    </ClInclude>
    <ClInclude Include="include\engine\utils\LOpenGL.h">
      <Filter>Header Files</Filter>
    </ClInclude>
    <ClInclude Include="include\engine\gfx\mesh\MMesh.h">
      <Filter>Header Files</Filter>
    </ClInclude>
    <ClInclude Include="include\engine\gfx\texture\Texture.h">
      <Filter>Header Files</Filter>
    </ClInclude>
    <ClInclude Include="include\engine\gfx\texture\MTexture.h">
      <Filter>Header Files</Filter>
    </ClInclude>
    <ClInclude Include="include\engine\utils\directory\LDirectory.h">
      <Filter>Header Files</Filter>
    </ClInclude>
    <ClInclude Include="include\engine\editor\model\tool\MTool.h">
      <Filter>Header Files</Filter>
    </ClInclude>
    <ClInclude Include="include\engine\editor\model\tool\voxel\VTEyedrop.h">
      <Filter>Header Files</Filter>
    </ClInclude>
    <ClInclude Include="include\engine\editor\model\tool\matrix\MTSelect.h">
      <Filter>Header Files</Filter>
    </ClInclude>
    <ClInclude Include="include\engine\gfx\mesh\object\MPlane.h">
      <Filter>Header Files</Filter>
    </ClInclude>
    <ClInclude Include="include\engine\gfx\mesh\object\MSCube.h">
      <Filter>Header Files</Filter>
    </ClInclude>
    <ClInclude Include="include\engine\editor\model\tool\matrix\MatrixTool.h">
      <Filter>Header Files</Filter>
    </ClInclude>
    <ClInclude Include="include\engine\editor\model\math\ModelMath.h">
      <Filter>Header Files</Filter>
    </ClInclude>
    <ClInclude Include="include\engine\editor\command\LCommand.h">
      <Filter>Header Files</Filter>
    </ClInclude>
    <ClInclude Include="include\engine\editor\command\CommandCombo.h">
      <Filter>Header Files</Filter>
    </ClInclude>
    <ClInclude Include="include\engine\editor\camera\Camera.h">
      <Filter>Header Files</Filter>
    </ClInclude>
    <ClInclude Include="include\engine\gfx\gui\global\GGui.h">
      <Filter>Header Files</Filter>
    </ClInclude>
    <ClInclude Include="include\engine\gfx\model\MModelObj.h">
      <Filter>Header Files</Filter>
    </ClInclude>
    <ClInclude Include="include\engine\gfx\model\ModelObj.h">
      <Filter>Header Files</Filter>
    </ClInclude>
  </ItemGroup>
  <ItemGroup>
    <ResourceCompile Include="VoxelModelEditor.rc">
      <Filter>Resource Files</Filter>
    </ResourceCompile>
  </ItemGroup>
  <ItemGroup>
    <Image Include="res\texture\gui\Icon.ico">
      <Filter>Resource Files</Filter>
    </Image>
    <Image Include="res\texture\gui\IconExtraLarge.ico">
      <Filter>Resource Files</Filter>
    </Image>
    <Image Include="res\texture\gui\IconExtraSmall.ico">
      <Filter>Resource Files</Filter>
    </Image>
    <Image Include="res\texture\gui\IconLarge.ico">
      <Filter>Resource Files</Filter>
    </Image>
    <Image Include="res\texture\gui\IconSmall.ico">
      <Filter>Resource Files</Filter>
    </Image>
    <Image Include="res\texture\gui\icon6.ico">
      <Filter>Resource Files</Filter>
    </Image>
    <Image Include="res\texture\gui\IconLarge.png">
      <Filter>Resource Files</Filter>
    </Image>
  </ItemGroup>
  <ItemGroup>
    <None Include="res\shader\simple.frag" />
    <None Include="res\shader\simple.vert" />
    <None Include="res\shader\shadowmap.frag" />
    <None Include="res\shader\shadowmap.vert" />
    <None Include="res\shader\depthRTT.frag" />
    <None Include="res\shader\depthRTT.vert" />
  </ItemGroup>
</Project>